
Microsoft Visual Studio Solution File, Format Version 12.00
# Visual Studio Version 17
VisualStudioVersion = 17.5.33516.290
MinimumVisualStudioVersion = 10.0.40219.1
Project("{9A19103F-16F7-4668-BE54-9A1E7A4F7556}") = "FrmCarniceria", "FrmCarniceria\FrmCarniceria.csproj", "{C5BC4B14-C344-4CD0-AE94-A72AD49E4F02}"
EndProject
Project("{9A19103F-16F7-4668-BE54-9A1E7A4F7556}") = "Entidades", "Entidades\Entidades.csproj", "{1505108B-B1EF-41ED-90DC-00BC160D4231}"
EndProject
Global
	GlobalSection(SolutionConfigurationPlatforms) = preSolution
		Debug|Any CPU = Debug|Any CPU
		Release|Any CPU = Release|Any CPU
	EndGlobalSection
	GlobalSection(ProjectConfigurationPlatforms) = postSolution
		{C5BC4B14-C344-4CD0-AE94-A72AD49E4F02}.Debug|Any CPU.ActiveCfg = Debug|Any CPU
		{C5BC4B14-C344-4CD0-AE94-A72AD49E4F02}.Debug|Any CPU.Build.0 = Debug|Any CPU
		{C5BC4B14-C344-4CD0-AE94-A72AD49E4F02}.Release|Any CPU.ActiveCfg = Release|Any CPU
		{C5BC4B14-C344-4CD0-AE94-A72AD49E4F02}.Release|Any CPU.Build.0 = Release|Any CPU
		{1505108B-B1EF-41ED-90DC-00BC160D4231}.Debug|Any CPU.ActiveCfg = Debug|Any CPU
		{1505108B-B1EF-41ED-90DC-00BC160D4231}.Debug|Any CPU.Build.0 = Debug|Any CPU
		{1505108B-B1EF-41ED-90DC-00BC160D4231}.Release|Any CPU.ActiveCfg = Release|Any CPU
		{1505108B-B1EF-41ED-90DC-00BC160D4231}.Release|Any CPU.Build.0 = Release|Any CPU
	EndGlobalSection
	GlobalSection(SolutionProperties) = preSolution
		HideSolutionNode = FALSE
	EndGlobalSection
	GlobalSection(ExtensibilityGlobals) = postSolution
		SolutionGuid = {78874150-EB14-44FD-9DE5-AF5BBC0DAB97}
	EndGlobalSection
EndGlobal
